
Microsoft Visual Studio Solution File, Format Version 12.00
# Visual Studio 15
VisualStudioVersion = 15.0.27703.2042
MinimumVisualStudioVersion = 10.0.40219.1
Project("{FAE04EC0-301F-11D3-BF4B-00C04F79EFBC}") = "FizzBuzz", "FizzBuzz\FizzBuzz.csproj", "{BCA293E8-1143-404F-9025-BFDCBC89835E}"
EndProject
Global
	GlobalSection(SolutionConfigurationPlatforms) = preSolution
		Debug|Any CPU = Debug|Any CPU
		Release|Any CPU = Release|Any CPU
	EndGlobalSection
	GlobalSection(ProjectConfigurationPlatforms) = postSolution
		{BCA293E8-1143-404F-9025-BFDCBC89835E}.Debug|Any CPU.ActiveCfg = Debug|Any CPU
		{BCA293E8-1143-404F-9025-BFDCBC89835E}.Debug|Any CPU.Build.0 = Debug|Any CPU
		{BCA293E8-1143-404F-9025-BFDCBC89835E}.Release|Any CPU.ActiveCfg = Release|Any CPU
		{BCA293E8-1143-404F-9025-BFDCBC89835E}.Release|Any CPU.Build.0 = Release|Any CPU
	EndGlobalSection
	GlobalSection(SolutionProperties) = preSolution
		HideSolutionNode = FALSE
	EndGlobalSection
	GlobalSection(ExtensibilityGlobals) = postSolution
		SolutionGuid = {CFCA059A-13DD-410A-9342-AE8BF02B38A5}
	EndGlobalSection
EndGlobal
